
Microsoft Visual Studio Solution File, Format Version 12.00
# Visual Studio Version 17
VisualStudioVersion = 17.0.31903.59
MinimumVisualStudioVersion = 10.0.40219.1
Project("{2150E333-8FDC-42A3-9474-1A3956D46DE8}") = "src", "src", "{B1DF3483-BC79-4DE9-8D97-3B15F1D49B28}"
EndProject
Project("{FAE04EC0-301F-11D3-BF4B-00C04F79EFBC}") = "ZealEducation.Domain", "src\ZealEducation.Domain\ZealEducation.Domain.csproj", "{8B3236F8-C2C5-4038-BB61-5CA30B08A54C}"
EndProject
Project("{FAE04EC0-301F-11D3-BF4B-00C04F79EFBC}") = "ZealEducation.Application", "src\ZealEducation.Application\ZealEducation.Application.csproj", "{8894CE9D-9FEF-47AC-AC2A-7F35DA1A83B3}"
EndProject
Project("{FAE04EC0-301F-11D3-BF4B-00C04F79EFBC}") = "ZealEducation.Infrastructure", "src\ZealEducation.Infrastructure\ZealEducation.Infrastructure.csproj", "{9EE3F1B1-B9AA-45D1-BE46-2B997B1C1406}"
EndProject
Project("{FAE04EC0-301F-11D3-BF4B-00C04F79EFBC}") = "ZealEducation.API", "src\ZealEducation.API\ZealEducation.API.csproj", "{3BC24AA9-1FC0-42FB-A3AF-82B93BF8E447}"
EndProject
Global
	GlobalSection(SolutionConfigurationPlatforms) = preSolution
		Debug|Any CPU = Debug|Any CPU
		Release|Any CPU = Release|Any CPU
	EndGlobalSection
	GlobalSection(SolutionProperties) = preSolution
		HideSolutionNode = FALSE
	EndGlobalSection
	GlobalSection(ProjectConfigurationPlatforms) = postSolution
		{8B3236F8-C2C5-4038-BB61-5CA30B08A54C}.Debug|Any CPU.ActiveCfg = Debug|Any CPU
		{8B3236F8-C2C5-4038-BB61-5CA30B08A54C}.Debug|Any CPU.Build.0 = Debug|Any CPU
		{8B3236F8-C2C5-4038-BB61-5CA30B08A54C}.Release|Any CPU.ActiveCfg = Release|Any CPU
		{8B3236F8-C2C5-4038-BB61-5CA30B08A54C}.Release|Any CPU.Build.0 = Release|Any CPU
		{8894CE9D-9FEF-47AC-AC2A-7F35DA1A83B3}.Debug|Any CPU.ActiveCfg = Debug|Any CPU
		{8894CE9D-9FEF-47AC-AC2A-7F35DA1A83B3}.Debug|Any CPU.Build.0 = Debug|Any CPU
		{8894CE9D-9FEF-47AC-AC2A-7F35DA1A83B3}.Release|Any CPU.ActiveCfg = Release|Any CPU
		{8894CE9D-9FEF-47AC-AC2A-7F35DA1A83B3}.Release|Any CPU.Build.0 = Release|Any CPU
		{9EE3F1B1-B9AA-45D1-BE46-2B997B1C1406}.Debug|Any CPU.ActiveCfg = Debug|Any CPU
		{9EE3F1B1-B9AA-45D1-BE46-2B997B1C1406}.Debug|Any CPU.Build.0 = Debug|Any CPU
		{9EE3F1B1-B9AA-45D1-BE46-2B997B1C1406}.Release|Any CPU.ActiveCfg = Release|Any CPU
		{9EE3F1B1-B9AA-45D1-BE46-2B997B1C1406}.Release|Any CPU.Build.0 = Release|Any CPU
		{3BC24AA9-1FC0-42FB-A3AF-82B93BF8E447}.Debug|Any CPU.ActiveCfg = Debug|Any CPU
		{3BC24AA9-1FC0-42FB-A3AF-82B93BF8E447}.Debug|Any CPU.Build.0 = Debug|Any CPU
		{3BC24AA9-1FC0-42FB-A3AF-82B93BF8E447}.Release|Any CPU.ActiveCfg = Release|Any CPU
		{3BC24AA9-1FC0-42FB-A3AF-82B93BF8E447}.Release|Any CPU.Build.0 = Release|Any CPU
	EndGlobalSection
	GlobalSection(NestedProjects) = preSolution
		{8B3236F8-C2C5-4038-BB61-5CA30B08A54C} = {B1DF3483-BC79-4DE9-8D97-3B15F1D49B28}
		{8894CE9D-9FEF-47AC-AC2A-7F35DA1A83B3} = {B1DF3483-BC79-4DE9-8D97-3B15F1D49B28}
		{9EE3F1B1-B9AA-45D1-BE46-2B997B1C1406} = {B1DF3483-BC79-4DE9-8D97-3B15F1D49B28}
		{3BC24AA9-1FC0-42FB-A3AF-82B93BF8E447} = {B1DF3483-BC79-4DE9-8D97-3B15F1D49B28}
	EndGlobalSection
EndGlobal
